// !$*UTF8*$!
{
	archiveVersion = 1;
	classes = {
	};
	objectVersion = 55;
	objects = {

/* Begin PBXBuildFile section */
		FF3F158D28028C90004C2271 /* SceneDelegate.swift in Sources */ = {isa = PBXBuildFile; fileRef = FF3F158C28028C90004C2271 /* SceneDelegate.swift */; };
		FF3F158F28028C90004C2271 /* LoginViewController.swift in Sources */ = {isa = PBXBuildFile; fileRef = FF3F158E28028C90004C2271 /* LoginViewController.swift */; };
		FF3F159528028C90004C2271 /* Demo_App.xcdatamodeld in Sources */ = {isa = PBXBuildFile; fileRef = FF3F159328028C90004C2271 /* Demo_App.xcdatamodeld */; };
		FF3F159728028C91004C2271 /* Assets.xcassets in Resources */ = {isa = PBXBuildFile; fileRef = FF3F159628028C91004C2271 /* Assets.xcassets */; };
		FF3F15A328028CC3004C2271 /* ComposableArchitecture in Frameworks */ = {isa = PBXBuildFile; productRef = FF3F15A228028CC3004C2271 /* ComposableArchitecture */; };
		FF3F15A628028CF2004C2271 /* Moya in Frameworks */ = {isa = PBXBuildFile; productRef = FF3F15A528028CF2004C2271 /* Moya */; };
		FF3F15A928028D21004C2271 /* SnapKit in Frameworks */ = {isa = PBXBuildFile; productRef = FF3F15A828028D21004C2271 /* SnapKit */; };
		FF3F15B328028E53004C2271 /* LoginReducer.swift in Sources */ = {isa = PBXBuildFile; fileRef = FF3F15B228028E53004C2271 /* LoginReducer.swift */; };
		FF3F15BF280299FB004C2271 /* MemberAPI.swift in Sources */ = {isa = PBXBuildFile; fileRef = FF3F15BE280299FB004C2271 /* MemberAPI.swift */; };
		FF3F15C328029E24004C2271 /* MoyaError + Equatable.swift in Sources */ = {isa = PBXBuildFile; fileRef = FF3F15C228029E24004C2271 /* MoyaError + Equatable.swift */; };
		FF3F15C628029F3F004C2271 /* PromiseKit in Frameworks */ = {isa = PBXBuildFile; productRef = FF3F15C528029F3F004C2271 /* PromiseKit */; };
		FF3F15C92802A56E004C2271 /* CombineMoya in Frameworks */ = {isa = PBXBuildFile; productRef = FF3F15C82802A56E004C2271 /* CombineMoya */; };
		FF3F15D42802A9E6004C2271 /* Demo_AppTests.swift in Sources */ = {isa = PBXBuildFile; fileRef = FF3F15D32802A9E6004C2271 /* Demo_AppTests.swift */; };
		FF3F15DB2802AFCF004C2271 /* login_success.json in Resources */ = {isa = PBXBuildFile; fileRef = FF3F15DA2802AFCF004C2271 /* login_success.json */; };
		FF3F15DD2802AFFB004C2271 /* getSampleData.swift in Sources */ = {isa = PBXBuildFile; fileRef = FF3F15DC2802AFFB004C2271 /* getSampleData.swift */; };
/* End PBXBuildFile section */

/* Begin PBXContainerItemProxy section */
		FF3F15D52802A9E6004C2271 /* PBXContainerItemProxy */ = {
			isa = PBXContainerItemProxy;
			containerPortal = FF3F157F28028C90004C2271 /* Project object */;
			proxyType = 1;
			remoteGlobalIDString = FF3F158628028C90004C2271;
			remoteInfo = "Demo App";
		};
/* End PBXContainerItemProxy section */

/* Begin PBXFileReference section */
		FF3F158728028C90004C2271 /* Demo App.app */ = {isa = PBXFileReference; explicitFileType = wrapper.application; includeInIndex = 0; path = "Demo App.app"; sourceTree = BUILT_PRODUCTS_DIR; };
		FF3F158C28028C90004C2271 /* SceneDelegate.swift */ = {isa = PBXFileReference; lastKnownFileType = sourcecode.swift; path = SceneDelegate.swift; sourceTree = "<group>"; };
		FF3F158E28028C90004C2271 /* LoginViewController.swift */ = {isa = PBXFileReference; lastKnownFileType = sourcecode.swift; path = LoginViewController.swift; sourceTree = "<group>"; };
		FF3F159428028C90004C2271 /* Demo_App.xcdatamodel */ = {isa = PBXFileReference; lastKnownFileType = wrapper.xcdatamodel; path = Demo_App.xcdatamodel; sourceTree = "<group>"; };
		FF3F159628028C91004C2271 /* Assets.xcassets */ = {isa = PBXFileReference; lastKnownFileType = folder.assetcatalog; path = Assets.xcassets; sourceTree = "<group>"; };
		FF3F159B28028C91004C2271 /* Info.plist */ = {isa = PBXFileReference; lastKnownFileType = text.plist.xml; path = Info.plist; sourceTree = "<group>"; };
		FF3F15B228028E53004C2271 /* LoginReducer.swift */ = {isa = PBXFileReference; lastKnownFileType = sourcecode.swift; path = LoginReducer.swift; sourceTree = "<group>"; };
		FF3F15BE280299FB004C2271 /* MemberAPI.swift */ = {isa = PBXFileReference; lastKnownFileType = sourcecode.swift; path = MemberAPI.swift; sourceTree = "<group>"; };
		FF3F15C228029E24004C2271 /* MoyaError + Equatable.swift */ = {isa = PBXFileReference; lastKnownFileType = sourcecode.swift; path = "MoyaError + Equatable.swift"; sourceTree = "<group>"; };
		FF3F15D12802A9E6004C2271 /* Demo AppTests.xctest */ = {isa = PBXFileReference; explicitFileType = wrapper.cfbundle; includeInIndex = 0; path = "Demo AppTests.xctest"; sourceTree = BUILT_PRODUCTS_DIR; };
		FF3F15D32802A9E6004C2271 /* Demo_AppTests.swift */ = {isa = PBXFileReference; lastKnownFileType = sourcecode.swift; path = Demo_AppTests.swift; sourceTree = "<group>"; };
		FF3F15DA2802AFCF004C2271 /* login_success.json */ = {isa = PBXFileReference; lastKnownFileType = text.json; path = login_success.json; sourceTree = "<group>"; };
		FF3F15DC2802AFFB004C2271 /* getSampleData.swift */ = {isa = PBXFileReference; lastKnownFileType = sourcecode.swift; path = getSampleData.swift; sourceTree = "<group>"; };
/* End PBXFileReference section */

/* Begin PBXFrameworksBuildPhase section */
		FF3F158428028C90004C2271 /* Frameworks */ = {
			isa = PBXFrameworksBuildPhase;
			buildActionMask = 2147483647;
			files = (
				FF3F15A928028D21004C2271 /* SnapKit in Frameworks */,
				FF3F15C628029F3F004C2271 /* PromiseKit in Frameworks */,
				FF3F15A628028CF2004C2271 /* Moya in Frameworks */,
				FF3F15C92802A56E004C2271 /* CombineMoya in Frameworks */,
				FF3F15A328028CC3004C2271 /* ComposableArchitecture in Frameworks */,
			);
			runOnlyForDeploymentPostprocessing = 0;
		};
		FF3F15CE2802A9E6004C2271 /* Frameworks */ = {
			isa = PBXFrameworksBuildPhase;
			buildActionMask = 2147483647;
			files = (
			);
			runOnlyForDeploymentPostprocessing = 0;
		};
/* End PBXFrameworksBuildPhase section */

/* Begin PBXGroup section */
		FF3F157E28028C90004C2271 = {
			isa = PBXGroup;
			children = (
				FF3F158928028C90004C2271 /* Demo App */,
				FF3F15D22802A9E6004C2271 /* Demo AppTests */,
				FF3F158828028C90004C2271 /* Products */,
				FF3F15C72802A56E004C2271 /* Frameworks */,
			);
			sourceTree = "<group>";
		};
		FF3F158828028C90004C2271 /* Products */ = {
			isa = PBXGroup;
			children = (
				FF3F158728028C90004C2271 /* Demo App.app */,
				FF3F15D12802A9E6004C2271 /* Demo AppTests.xctest */,
			);
			name = Products;
			sourceTree = "<group>";
		};
		FF3F158928028C90004C2271 /* Demo App */ = {
			isa = PBXGroup;
			children = (
				FF3F158C28028C90004C2271 /* SceneDelegate.swift */,
				FF3F15BD280299EB004C2271 /* WebAPI */,
				FF3F15AA28028D5C004C2271 /* LoginView */,
				FF3F159628028C91004C2271 /* Assets.xcassets */,
				FF3F159B28028C91004C2271 /* Info.plist */,
				FF3F159328028C90004C2271 /* Demo_App.xcdatamodeld */,
				FF3F15CA2802A733004C2271 /* Extensions */,
			);
			path = "Demo App";
			sourceTree = "<group>";
		};
		FF3F15AA28028D5C004C2271 /* LoginView */ = {
			isa = PBXGroup;
			children = (
				FF3F15B228028E53004C2271 /* LoginReducer.swift */,
				FF3F158E28028C90004C2271 /* LoginViewController.swift */,
			);
			path = LoginView;
			sourceTree = "<group>";
		};
		FF3F15BD280299EB004C2271 /* WebAPI */ = {
			isa = PBXGroup;
			children = (
				FF3F15DE2802AFFE004C2271 /* Sample Data */,
				FF3F15BE280299FB004C2271 /* MemberAPI.swift */,
				FF3F15DC2802AFFB004C2271 /* getSampleData.swift */,
			);
			path = WebAPI;
			sourceTree = "<group>";
		};
		FF3F15C72802A56E004C2271 /* Frameworks */ = {
			isa = PBXGroup;
			children = (
			);
			name = Frameworks;
			sourceTree = "<group>";
		};
		FF3F15CA2802A733004C2271 /* Extensions */ = {
			isa = PBXGroup;
			children = (
				FF3F15C228029E24004C2271 /* MoyaError + Equatable.swift */,
			);
			path = Extensions;
			sourceTree = "<group>";
		};
		FF3F15D22802A9E6004C2271 /* Demo AppTests */ = {
			isa = PBXGroup;
			children = (
				FF3F15D32802A9E6004C2271 /* Demo_AppTests.swift */,
			);
			path = "Demo AppTests";
			sourceTree = "<group>";
		};
		FF3F15DE2802AFFE004C2271 /* Sample Data */ = {
			isa = PBXGroup;
			children = (
				FF3F15DA2802AFCF004C2271 /* login_success.json */,
			);
			path = "Sample Data";
			sourceTree = "<group>";
		};
/* End PBXGroup section */

/* Begin PBXNativeTarget section */
		FF3F158628028C90004C2271 /* Demo App */ = {
			isa = PBXNativeTarget;
			buildConfigurationList = FF3F159E28028C91004C2271 /* Build configuration list for PBXNativeTarget "Demo App" */;
			buildPhases = (
				FF3F158328028C90004C2271 /* Sources */,
				FF3F158428028C90004C2271 /* Frameworks */,
				FF3F158528028C90004C2271 /* Resources */,
			);
			buildRules = (
			);
			dependencies = (
			);
			name = "Demo App";
			packageProductDependencies = (
				FF3F15A228028CC3004C2271 /* ComposableArchitecture */,
				FF3F15A528028CF2004C2271 /* Moya */,
				FF3F15A828028D21004C2271 /* SnapKit */,
				FF3F15C528029F3F004C2271 /* PromiseKit */,
				FF3F15C82802A56E004C2271 /* CombineMoya */,
			);
			productName = "Demo App";
			productReference = FF3F158728028C90004C2271 /* Demo App.app */;
			productType = "com.apple.product-type.application";
		};
		FF3F15D02802A9E6004C2271 /* Demo AppTests */ = {
			isa = PBXNativeTarget;
			buildConfigurationList = FF3F15D72802A9E6004C2271 /* Build configuration list for PBXNativeTarget "Demo AppTests" */;
			buildPhases = (
				FF3F15CD2802A9E6004C2271 /* Sources */,
				FF3F15CE2802A9E6004C2271 /* Frameworks */,
				FF3F15CF2802A9E6004C2271 /* Resources */,
			);
			buildRules = (
			);
			dependencies = (
				FF3F15D62802A9E6004C2271 /* PBXTargetDependency */,
			);
			name = "Demo AppTests";
			productName = "Demo AppTests";
			productReference = FF3F15D12802A9E6004C2271 /* Demo AppTests.xctest */;
			productType = "com.apple.product-type.bundle.unit-test";
		};
/* End PBXNativeTarget section */

/* Begin PBXProject section */
		FF3F157F28028C90004C2271 /* Project object */ = {
			isa = PBXProject;
			attributes = {
				BuildIndependentTargetsInParallel = 1;
				LastSwiftUpdateCheck = 1330;
				LastUpgradeCheck = 1330;
				TargetAttributes = {
					FF3F158628028C90004C2271 = {
						CreatedOnToolsVersion = 13.3;
					};
					FF3F15D02802A9E6004C2271 = {
						CreatedOnToolsVersion = 13.3;
						TestTargetID = FF3F158628028C90004C2271;
					};
				};
			};
			buildConfigurationList = FF3F158228028C90004C2271 /* Build configuration list for PBXProject "Demo App" */;
			compatibilityVersion = "Xcode 13.0";
			developmentRegion = en;
			hasScannedForEncodings = 0;
			knownRegions = (
				en,
				Base,
			);
			mainGroup = FF3F157E28028C90004C2271;
			packageReferences = (
				FF3F15A128028CC3004C2271 /* XCRemoteSwiftPackageReference "swift-composable-architecture" */,
				FF3F15A428028CF2004C2271 /* XCRemoteSwiftPackageReference "Moya" */,
				FF3F15A728028D21004C2271 /* XCRemoteSwiftPackageReference "SnapKit" */,
				FF3F15C428029F3F004C2271 /* XCRemoteSwiftPackageReference "PromiseKit" */,
			);
			productRefGroup = FF3F158828028C90004C2271 /* Products */;
			projectDirPath = "";
			projectRoot = "";
			targets = (
				FF3F158628028C90004C2271 /* Demo App */,
				FF3F15D02802A9E6004C2271 /* Demo AppTests */,
			);
		};
/* End PBXProject section */

/* Begin PBXResourcesBuildPhase section */
		FF3F158528028C90004C2271 /* Resources */ = {
			isa = PBXResourcesBuildPhase;
			buildActionMask = 2147483647;
			files = (
				FF3F15DB2802AFCF004C2271 /* login_success.json in Resources */,
				FF3F159728028C91004C2271 /* Assets.xcassets in Resources */,
			);
			runOnlyForDeploymentPostprocessing = 0;
		};
		FF3F15CF2802A9E6004C2271 /* Resources */ = {
			isa = PBXResourcesBuildPhase;
			buildActionMask = 2147483647;
			files = (
			);
			runOnlyForDeploymentPostprocessing = 0;
		};
/* End PBXResourcesBuildPhase section */

/* Begin PBXSourcesBuildPhase section */
		FF3F158328028C90004C2271 /* Sources */ = {
			isa = PBXSourcesBuildPhase;
			buildActionMask = 2147483647;
			files = (
				FF3F15B328028E53004C2271 /* LoginReducer.swift in Sources */,
				FF3F158F28028C90004C2271 /* LoginViewController.swift in Sources */,
				FF3F159528028C90004C2271 /* Demo_App.xcdatamodeld in Sources */,
				FF3F15BF280299FB004C2271 /* MemberAPI.swift in Sources */,
				FF3F15C328029E24004C2271 /* MoyaError + Equatable.swift in Sources */,
				FF3F15DD2802AFFB004C2271 /* getSampleData.swift in Sources */,
				FF3F158D28028C90004C2271 /* SceneDelegate.swift in Sources */,
			);
			runOnlyForDeploymentPostprocessing = 0;
		};
		FF3F15CD2802A9E6004C2271 /* Sources */ = {
			isa = PBXSourcesBuildPhase;
			buildActionMask = 2147483647;
			files = (
				FF3F15D42802A9E6004C2271 /* Demo_AppTests.swift in Sources */,
			);
			runOnlyForDeploymentPostprocessing = 0;
		};
/* End PBXSourcesBuildPhase section */

/* Begin PBXTargetDependency section */
		FF3F15D62802A9E6004C2271 /* PBXTargetDependency */ = {
			isa = PBXTargetDependency;
			target = FF3F158628028C90004C2271 /* Demo App */;
			targetProxy = FF3F15D52802A9E6004C2271 /* PBXContainerItemProxy */;
		};
/* End PBXTargetDependency section */

/* Begin XCBuildConfiguration section */
		FF3F159C28028C91004C2271 /* Debug */ = {
			isa = XCBuildConfiguration;
			buildSettings = {
				ALWAYS_SEARCH_USER_PATHS = NO;
				CLANG_ANALYZER_NONNULL = YES;
				CLANG_ANALYZER_NUMBER_OBJECT_CONVERSION = YES_AGGRESSIVE;
				CLANG_CXX_LANGUAGE_STANDARD = "gnu++17";
				CLANG_ENABLE_MODULES = YES;
				CLANG_ENABLE_OBJC_ARC = YES;
				CLANG_ENABLE_OBJC_WEAK = YES;
				CLANG_WARN_BLOCK_CAPTURE_AUTORELEASING = YES;
				CLANG_WARN_BOOL_CONVERSION = YES;
				CLANG_WARN_COMMA = YES;
				CLANG_WARN_CONSTANT_CONVERSION = YES;
				CLANG_WARN_DEPRECATED_OBJC_IMPLEMENTATIONS = YES;
				CLANG_WARN_DIRECT_OBJC_ISA_USAGE = YES_ERROR;
				CLANG_WARN_DOCUMENTATION_COMMENTS = YES;
				CLANG_WARN_EMPTY_BODY = YES;
				CLANG_WARN_ENUM_CONVERSION = YES;
				CLANG_WARN_INFINITE_RECURSION = YES;
				CLANG_WARN_INT_CONVERSION = YES;
				CLANG_WARN_NON_LITERAL_NULL_CONVERSION = YES;
				CLANG_WARN_OBJC_IMPLICIT_RETAIN_SELF = YES;
				CLANG_WARN_OBJC_LITERAL_CONVERSION = YES;
				CLANG_WARN_OBJC_ROOT_CLASS = YES_ERROR;
				CLANG_WARN_QUOTED_INCLUDE_IN_FRAMEWORK_HEADER = YES;
				CLANG_WARN_RANGE_LOOP_ANALYSIS = YES;
				CLANG_WARN_STRICT_PROTOTYPES = YES;
				CLANG_WARN_SUSPICIOUS_MOVE = YES;
				CLANG_WARN_UNGUARDED_AVAILABILITY = YES_AGGRESSIVE;
				CLANG_WARN_UNREACHABLE_CODE = YES;
				CLANG_WARN__DUPLICATE_METHOD_MATCH = YES;
				COPY_PHASE_STRIP = NO;
				DEBUG_INFORMATION_FORMAT = dwarf;
				ENABLE_STRICT_OBJC_MSGSEND = YES;
				ENABLE_TESTABILITY = YES;
				GCC_C_LANGUAGE_STANDARD = gnu11;
				GCC_DYNAMIC_NO_PIC = NO;
				GCC_NO_COMMON_BLOCKS = YES;
				GCC_OPTIMIZATION_LEVEL = 0;
				GCC_PREPROCESSOR_DEFINITIONS = (
					"DEBUG=1",
					"$(inherited)",
				);
				GCC_WARN_64_TO_32_BIT_CONVERSION = YES;
				GCC_WARN_ABOUT_RETURN_TYPE = YES_ERROR;
				GCC_WARN_UNDECLARED_SELECTOR = YES;
				GCC_WARN_UNINITIALIZED_AUTOS = YES_AGGRESSIVE;
				GCC_WARN_UNUSED_FUNCTION = YES;
				GCC_WARN_UNUSED_VARIABLE = YES;
				IPHONEOS_DEPLOYMENT_TARGET = 15.4;
				MTL_ENABLE_DEBUG_INFO = INCLUDE_SOURCE;
				MTL_FAST_MATH = YES;
				ONLY_ACTIVE_ARCH = YES;
				SDKROOT = iphoneos;
				SWIFT_ACTIVE_COMPILATION_CONDITIONS = DEBUG;
				SWIFT_OPTIMIZATION_LEVEL = "-Onone";
			};
			name = Debug;
		};
		FF3F159D28028C91004C2271 /* Release */ = {
			isa = XCBuildConfiguration;
			buildSettings = {
				ALWAYS_SEARCH_USER_PATHS = NO;
				CLANG_ANALYZER_NONNULL = YES;
				CLANG_ANALYZER_NUMBER_OBJECT_CONVERSION = YES_AGGRESSIVE;
				CLANG_CXX_LANGUAGE_STANDARD = "gnu++17";
				CLANG_ENABLE_MODULES = YES;
				CLANG_ENABLE_OBJC_ARC = YES;
				CLANG_ENABLE_OBJC_WEAK = YES;
				CLANG_WARN_BLOCK_CAPTURE_AUTORELEASING = YES;
				CLANG_WARN_BOOL_CONVERSION = YES;
				CLANG_WARN_COMMA = YES;
				CLANG_WARN_CONSTANT_CONVERSION = YES;
				CLANG_WARN_DEPRECATED_OBJC_IMPLEMENTATIONS = YES;
				CLANG_WARN_DIRECT_OBJC_ISA_USAGE = YES_ERROR;
				CLANG_WARN_DOCUMENTATION_COMMENTS = YES;
				CLANG_WARN_EMPTY_BODY = YES;
				CLANG_WARN_ENUM_CONVERSION = YES;
				CLANG_WARN_INFINITE_RECURSION = YES;
				CLANG_WARN_INT_CONVERSION = YES;
				CLANG_WARN_NON_LITERAL_NULL_CONVERSION = YES;
				CLANG_WARN_OBJC_IMPLICIT_RETAIN_SELF = YES;
				CLANG_WARN_OBJC_LITERAL_CONVERSION = YES;
				CLANG_WARN_OBJC_ROOT_CLASS = YES_ERROR;
				CLANG_WARN_QUOTED_INCLUDE_IN_FRAMEWORK_HEADER = YES;
				CLANG_WARN_RANGE_LOOP_ANALYSIS = YES;
				CLANG_WARN_STRICT_PROTOTYPES = YES;
				CLANG_WARN_SUSPICIOUS_MOVE = YES;
				CLANG_WARN_UNGUARDED_AVAILABILITY = YES_AGGRESSIVE;
				CLANG_WARN_UNREACHABLE_CODE = YES;
				CLANG_WARN__DUPLICATE_METHOD_MATCH = YES;
				COPY_PHASE_STRIP = NO;
				DEBUG_INFORMATION_FORMAT = "dwarf-with-dsym";
				ENABLE_NS_ASSERTIONS = NO;
				ENABLE_STRICT_OBJC_MSGSEND = YES;
				GCC_C_LANGUAGE_STANDARD = gnu11;
				GCC_NO_COMMON_BLOCKS = YES;
				GCC_WARN_64_TO_32_BIT_CONVERSION = YES;
				GCC_WARN_ABOUT_RETURN_TYPE = YES_ERROR;
				GCC_WARN_UNDECLARED_SELECTOR = YES;
				GCC_WARN_UNINITIALIZED_AUTOS = YES_AGGRESSIVE;
				GCC_WARN_UNUSED_FUNCTION = YES;
				GCC_WARN_UNUSED_VARIABLE = YES;
				IPHONEOS_DEPLOYMENT_TARGET = 15.4;
				MTL_ENABLE_DEBUG_INFO = NO;
				MTL_FAST_MATH = YES;
				SDKROOT = iphoneos;
				SWIFT_COMPILATION_MODE = wholemodule;
				SWIFT_OPTIMIZATION_LEVEL = "-O";
				VALIDATE_PRODUCT = YES;
			};
			name = Release;
		};
		FF3F159F28028C91004C2271 /* Debug */ = {
			isa = XCBuildConfiguration;
			buildSettings = {
				ASSETCATALOG_COMPILER_APPICON_NAME = AppIcon;
				ASSETCATALOG_COMPILER_GLOBAL_ACCENT_COLOR_NAME = AccentColor;
				CODE_SIGN_STYLE = Automatic;
				CURRENT_PROJECT_VERSION = 1;
				DEVELOPMENT_TEAM = 2A59FUGCBE;
				GENERATE_INFOPLIST_FILE = YES;
				INFOPLIST_FILE = "Demo App/Info.plist";
				INFOPLIST_KEY_UIApplicationSupportsIndirectInputEvents = YES;
				INFOPLIST_KEY_UISupportedInterfaceOrientations_iPad = "UIInterfaceOrientationPortrait UIInterfaceOrientationPortraitUpsideDown UIInterfaceOrientationLandscapeLeft UIInterfaceOrientationLandscapeRight";
				INFOPLIST_KEY_UISupportedInterfaceOrientations_iPhone = "UIInterfaceOrientationPortrait UIInterfaceOrientationLandscapeLeft UIInterfaceOrientationLandscapeRight";
				LD_RUNPATH_SEARCH_PATHS = (
					"$(inherited)",
					"@executable_path/Frameworks",
				);
				MARKETING_VERSION = 1.0;
				PRODUCT_BUNDLE_IDENTIFIER = "dev.loyi.Demo-App";
				PRODUCT_NAME = "$(TARGET_NAME)";
				SWIFT_EMIT_LOC_STRINGS = YES;
				SWIFT_VERSION = 5.0;
				TARGETED_DEVICE_FAMILY = "1,2";
			};
			name = Debug;
		};
		FF3F15A028028C91004C2271 /* Release */ = {
			isa = XCBuildConfiguration;
			buildSettings = {
				ASSETCATALOG_COMPILER_APPICON_NAME = AppIcon;
				ASSETCATALOG_COMPILER_GLOBAL_ACCENT_COLOR_NAME = AccentColor;
				CODE_SIGN_STYLE = Automatic;
				CURRENT_PROJECT_VERSION = 1;
				DEVELOPMENT_TEAM = 2A59FUGCBE;
				GENERATE_INFOPLIST_FILE = YES;
				INFOPLIST_FILE = "Demo App/Info.plist";
				INFOPLIST_KEY_UIApplicationSupportsIndirectInputEvents = YES;
				INFOPLIST_KEY_UISupportedInterfaceOrientations_iPad = "UIInterfaceOrientationPortrait UIInterfaceOrientationPortraitUpsideDown UIInterfaceOrientationLandscapeLeft UIInterfaceOrientationLandscapeRight";
				INFOPLIST_KEY_UISupportedInterfaceOrientations_iPhone = "UIInterfaceOrientationPortrait UIInterfaceOrientationLandscapeLeft UIInterfaceOrientationLandscapeRight";
				LD_RUNPATH_SEARCH_PATHS = (
					"$(inherited)",
					"@executable_path/Frameworks",
				);
				MARKETING_VERSION = 1.0;
				PRODUCT_BUNDLE_IDENTIFIER = "dev.loyi.Demo-App";
				PRODUCT_NAME = "$(TARGET_NAME)";
				SWIFT_EMIT_LOC_STRINGS = YES;
				SWIFT_VERSION = 5.0;
				TARGETED_DEVICE_FAMILY = "1,2";
			};
			name = Release;
		};
		FF3F15D82802A9E6004C2271 /* Debug */ = {
			isa = XCBuildConfiguration;
			buildSettings = {
				BUNDLE_LOADER = "$(TEST_HOST)";
				CODE_SIGN_STYLE = Automatic;
				CURRENT_PROJECT_VERSION = 1;
				DEVELOPMENT_TEAM = 2A59FUGCBE;
				GENERATE_INFOPLIST_FILE = YES;
				MARKETING_VERSION = 1.0;
				PRODUCT_BUNDLE_IDENTIFIER = "dev.loyi.Demo-AppTests";
				PRODUCT_NAME = "$(TARGET_NAME)";
				SWIFT_EMIT_LOC_STRINGS = NO;
				SWIFT_VERSION = 5.0;
				TARGETED_DEVICE_FAMILY = "1,2";
				TEST_HOST = "$(BUILT_PRODUCTS_DIR)/Demo App.app/Demo App";
			};
			name = Debug;
		};
		FF3F15D92802A9E6004C2271 /* Release */ = {
			isa = XCBuildConfiguration;
			buildSettings = {
				BUNDLE_LOADER = "$(TEST_HOST)";
				CODE_SIGN_STYLE = Automatic;
				CURRENT_PROJECT_VERSION = 1;
				DEVELOPMENT_TEAM = 2A59FUGCBE;
				GENERATE_INFOPLIST_FILE = YES;
				MARKETING_VERSION = 1.0;
				PRODUCT_BUNDLE_IDENTIFIER = "dev.loyi.Demo-AppTests";
				PRODUCT_NAME = "$(TARGET_NAME)";
				SWIFT_EMIT_LOC_STRINGS = NO;
				SWIFT_VERSION = 5.0;
				TARGETED_DEVICE_FAMILY = "1,2";
				TEST_HOST = "$(BUILT_PRODUCTS_DIR)/Demo App.app/Demo App";
			};
			name = Release;
		};
/* End XCBuildConfiguration section */

/* Begin XCConfigurationList section */
		FF3F158228028C90004C2271 /* Build configuration list for PBXProject "Demo App" */ = {
			isa = XCConfigurationList;
			buildConfigurations = (
				FF3F159C28028C91004C2271 /* Debug */,
				FF3F159D28028C91004C2271 /* Release */,
			);
			defaultConfigurationIsVisible = 0;
			defaultConfigurationName = Release;
		};
		FF3F159E28028C91004C2271 /* Build configuration list for PBXNativeTarget "Demo App" */ = {
			isa = XCConfigurationList;
			buildConfigurations = (
				FF3F159F28028C91004C2271 /* Debug */,
				FF3F15A028028C91004C2271 /* Release */,
			);
			defaultConfigurationIsVisible = 0;
			defaultConfigurationName = Release;
		};
		FF3F15D72802A9E6004C2271 /* Build configuration list for PBXNativeTarget "Demo AppTests" */ = {
			isa = XCConfigurationList;
			buildConfigurations = (
				FF3F15D82802A9E6004C2271 /* Debug */,
				FF3F15D92802A9E6004C2271 /* Release */,
			);
			defaultConfigurationIsVisible = 0;
			defaultConfigurationName = Release;
		};
/* End XCConfigurationList section */

/* Begin XCRemoteSwiftPackageReference section */
		FF3F15A128028CC3004C2271 /* XCRemoteSwiftPackageReference "swift-composable-architecture" */ = {
			isa = XCRemoteSwiftPackageReference;
			repositoryURL = "https://github.com/pointfreeco/swift-composable-architecture";
			requirement = {
				kind = upToNextMajorVersion;
				minimumVersion = 0.34.0;
			};
		};
		FF3F15A428028CF2004C2271 /* XCRemoteSwiftPackageReference "Moya" */ = {
			isa = XCRemoteSwiftPackageReference;
			repositoryURL = "https://github.com/Moya/Moya";
			requirement = {
				kind = upToNextMajorVersion;
				minimumVersion = 15.0.0;
			};
		};
		FF3F15A728028D21004C2271 /* XCRemoteSwiftPackageReference "SnapKit" */ = {
			isa = XCRemoteSwiftPackageReference;
			repositoryURL = "https://github.com/SnapKit/SnapKit";
			requirement = {
				kind = upToNextMajorVersion;
				minimumVersion = 5.0.0;
			};
		};
		FF3F15C428029F3F004C2271 /* XCRemoteSwiftPackageReference "PromiseKit" */ = {
			isa = XCRemoteSwiftPackageReference;
			repositoryURL = "https://github.com/mxcl/PromiseKit";
			requirement = {
				kind = upToNextMajorVersion;
				minimumVersion = 6.0.0;
			};
		};
/* End XCRemoteSwiftPackageReference section */

/* Begin XCSwiftPackageProductDependency section */
		FF3F15A228028CC3004C2271 /* ComposableArchitecture */ = {
			isa = XCSwiftPackageProductDependency;
			package = FF3F15A128028CC3004C2271 /* XCRemoteSwiftPackageReference "swift-composable-architecture" */;
			productName = ComposableArchitecture;
		};
		FF3F15A528028CF2004C2271 /* Moya */ = {
			isa = XCSwiftPackageProductDependency;
			package = FF3F15A428028CF2004C2271 /* XCRemoteSwiftPackageReference "Moya" */;
			productName = Moya;
		};
		FF3F15A828028D21004C2271 /* SnapKit */ = {
			isa = XCSwiftPackageProductDependency;
			package = FF3F15A728028D21004C2271 /* XCRemoteSwiftPackageReference "SnapKit" */;
			productName = SnapKit;
		};
		FF3F15C528029F3F004C2271 /* PromiseKit */ = {
			isa = XCSwiftPackageProductDependency;
			package = FF3F15C428029F3F004C2271 /* XCRemoteSwiftPackageReference "PromiseKit" */;
			productName = PromiseKit;
		};
		FF3F15C82802A56E004C2271 /* CombineMoya */ = {
			isa = XCSwiftPackageProductDependency;
			package = FF3F15A428028CF2004C2271 /* XCRemoteSwiftPackageReference "Moya" */;
			productName = CombineMoya;
		};
/* End XCSwiftPackageProductDependency section */

/* Begin XCVersionGroup section */
		FF3F159328028C90004C2271 /* Demo_App.xcdatamodeld */ = {
			isa = XCVersionGroup;
			children = (
				FF3F159428028C90004C2271 /* Demo_App.xcdatamodel */,
			);
			currentVersion = FF3F159428028C90004C2271 /* Demo_App.xcdatamodel */;
			path = Demo_App.xcdatamodeld;
			sourceTree = "<group>";
			versionGroupType = wrapper.xcdatamodel;
		};
/* End XCVersionGroup section */
	};
	rootObject = FF3F157F28028C90004C2271 /* Project object */;
}
